
Microsoft Visual Studio Solution File, Format Version 12.00
# Visual Studio Version 17
VisualStudioVersion = 17.0.31919.166
MinimumVisualStudioVersion = 10.0.40219.1
Project("{FAE04EC0-301F-11D3-BF4B-00C04F79EFBC}") = "CountyCallouts", "CountyCallouts\CountyCallouts.csproj", "{7F5AA8AD-BEEF-4057-B586-EC918FB7AFF8}"
EndProject
Global
	GlobalSection(SolutionConfigurationPlatforms) = preSolution
		Debug|Any CPU = Debug|Any CPU
		Release|Any CPU = Release|Any CPU
	EndGlobalSection
	GlobalSection(ProjectConfigurationPlatforms) = postSolution
		{7F5AA8AD-BEEF-4057-B586-EC918FB7AFF8}.Debug|Any CPU.ActiveCfg = Debug|Any CPU
		{7F5AA8AD-BEEF-4057-B586-EC918FB7AFF8}.Debug|Any CPU.Build.0 = Debug|Any CPU
		{7F5AA8AD-BEEF-4057-B586-EC918FB7AFF8}.Release|Any CPU.ActiveCfg = Release|Any CPU
		{7F5AA8AD-BEEF-4057-B586-EC918FB7AFF8}.Release|Any CPU.Build.0 = Release|Any CPU
	EndGlobalSection
	GlobalSection(SolutionProperties) = preSolution
		HideSolutionNode = FALSE
	EndGlobalSection
	GlobalSection(ExtensibilityGlobals) = postSolution
		SolutionGuid = {E97BB1BD-5B42-4832-ACB7-3F2A81992E89}
	EndGlobalSection
EndGlobal
